// !$*UTF8*$!
{
	archiveVersion = 1;
	classes = {
	};
	objectVersion = 50;
	objects = {

/* Begin PBXBuildFile section */
		6806659E26C73A510055E60F /* AppDelegate.swift in Sources */ = {isa = PBXBuildFile; fileRef = 6806659D26C73A510055E60F /* AppDelegate.swift */; };
		680665A026C73A510055E60F /* ViewController.swift in Sources */ = {isa = PBXBuildFile; fileRef = 6806659F26C73A510055E60F /* ViewController.swift */; };
		680665A726C73A530055E60F /* Assets.xcassets in Resources */ = {isa = PBXBuildFile; fileRef = 680665A626C73A530055E60F /* Assets.xcassets */; };
		680665B526C73A530055E60F /* AVEntityTests.swift in Sources */ = {isa = PBXBuildFile; fileRef = 680665B426C73A530055E60F /* AVEntityTests.swift */; };
		680665C026C73A530055E60F /* AVEntityUITests.swift in Sources */ = {isa = PBXBuildFile; fileRef = 680665BF26C73A530055E60F /* AVEntityUITests.swift */; };
		68DAA02128010290000DCA6F /* interactiveblob.rcproject in Sources */ = {isa = PBXBuildFile; fileRef = 68DAA02028010290000DCA6F /* interactiveblob.rcproject */; };
/* End PBXBuildFile section */

/* Begin PBXContainerItemProxy section */
		680665B126C73A530055E60F /* PBXContainerItemProxy */ = {
			isa = PBXContainerItemProxy;
			containerPortal = 6806659226C73A510055E60F /* Project object */;
			proxyType = 1;
			remoteGlobalIDString = 6806659926C73A510055E60F;
			remoteInfo = AVEntity;
		};
		680665BC26C73A530055E60F /* PBXContainerItemProxy */ = {
			isa = PBXContainerItemProxy;
			containerPortal = 6806659226C73A510055E60F /* Project object */;
			proxyType = 1;
			remoteGlobalIDString = 6806659926C73A510055E60F;
			remoteInfo = AVEntity;
		};
/* End PBXContainerItemProxy section */

/* Begin PBXFileReference section */
		6806659A26C73A510055E60F /* AVEntity.app */ = {isa = PBXFileReference; explicitFileType = wrapper.application; includeInIndex = 0; path = AVEntity.app; sourceTree = BUILT_PRODUCTS_DIR; };
		6806659D26C73A510055E60F /* AppDelegate.swift */ = {isa = PBXFileReference; lastKnownFileType = sourcecode.swift; path = AppDelegate.swift; sourceTree = "<group>"; };
		6806659F26C73A510055E60F /* ViewController.swift */ = {isa = PBXFileReference; lastKnownFileType = sourcecode.swift; path = ViewController.swift; sourceTree = "<group>"; };
		680665A626C73A530055E60F /* Assets.xcassets */ = {isa = PBXFileReference; lastKnownFileType = folder.assetcatalog; path = Assets.xcassets; sourceTree = "<group>"; };
		680665AB26C73A530055E60F /* Info.plist */ = {isa = PBXFileReference; lastKnownFileType = text.plist.xml; path = Info.plist; sourceTree = "<group>"; };
		680665B026C73A530055E60F /* AVEntityTests.xctest */ = {isa = PBXFileReference; explicitFileType = wrapper.cfbundle; includeInIndex = 0; path = AVEntityTests.xctest; sourceTree = BUILT_PRODUCTS_DIR; };
		680665B426C73A530055E60F /* AVEntityTests.swift */ = {isa = PBXFileReference; lastKnownFileType = sourcecode.swift; path = AVEntityTests.swift; sourceTree = "<group>"; };
		680665B626C73A530055E60F /* Info.plist */ = {isa = PBXFileReference; lastKnownFileType = text.plist.xml; path = Info.plist; sourceTree = "<group>"; };
		680665BB26C73A530055E60F /* AVEntityUITests.xctest */ = {isa = PBXFileReference; explicitFileType = wrapper.cfbundle; includeInIndex = 0; path = AVEntityUITests.xctest; sourceTree = BUILT_PRODUCTS_DIR; };
		680665BF26C73A530055E60F /* AVEntityUITests.swift */ = {isa = PBXFileReference; lastKnownFileType = sourcecode.swift; path = AVEntityUITests.swift; sourceTree = "<group>"; };
		680665C126C73A530055E60F /* Info.plist */ = {isa = PBXFileReference; lastKnownFileType = text.plist.xml; path = Info.plist; sourceTree = "<group>"; };
		68DAA02028010290000DCA6F /* interactiveblob.rcproject */ = {isa = PBXFileReference; lastKnownFileType = file.rcproject; name = interactiveblob.rcproject; path = ../../../interactiveblob.rcproject; sourceTree = "<group>"; };
/* End PBXFileReference section */

/* Begin PBXFrameworksBuildPhase section */
		6806659726C73A510055E60F /* Frameworks */ = {
			isa = PBXFrameworksBuildPhase;
			buildActionMask = 2147483647;
			files = (
			);
			runOnlyForDeploymentPostprocessing = 0;
		};
		680665AD26C73A530055E60F /* Frameworks */ = {
			isa = PBXFrameworksBuildPhase;
			buildActionMask = 2147483647;
			files = (
			);
			runOnlyForDeploymentPostprocessing = 0;
		};
		680665B826C73A530055E60F /* Frameworks */ = {
			isa = PBXFrameworksBuildPhase;
			buildActionMask = 2147483647;
			files = (
			);
			runOnlyForDeploymentPostprocessing = 0;
		};
/* End PBXFrameworksBuildPhase section */

/* Begin PBXGroup section */
		6806659126C73A510055E60F = {
			isa = PBXGroup;
			children = (
				6806659C26C73A510055E60F /* AVEntity */,
				680665B326C73A530055E60F /* AVEntityTests */,
				680665BE26C73A530055E60F /* AVEntityUITests */,
				6806659B26C73A510055E60F /* Products */,
			);
			sourceTree = "<group>";
		};
		6806659B26C73A510055E60F /* Products */ = {
			isa = PBXGroup;
			children = (
				6806659A26C73A510055E60F /* AVEntity.app */,
				680665B026C73A530055E60F /* AVEntityTests.xctest */,
				680665BB26C73A530055E60F /* AVEntityUITests.xctest */,
			);
			name = Products;
			sourceTree = "<group>";
		};
		6806659C26C73A510055E60F /* AVEntity */ = {
			isa = PBXGroup;
			children = (
				6806659D26C73A510055E60F /* AppDelegate.swift */,
				6806659F26C73A510055E60F /* ViewController.swift */,
				68DAA02028010290000DCA6F /* interactiveblob.rcproject */,
				680665A626C73A530055E60F /* Assets.xcassets */,
				680665AB26C73A530055E60F /* Info.plist */,
			);
			path = AVEntity;
			sourceTree = "<group>";
		};
		680665B326C73A530055E60F /* AVEntityTests */ = {
			isa = PBXGroup;
			children = (
				680665B426C73A530055E60F /* AVEntityTests.swift */,
				680665B626C73A530055E60F /* Info.plist */,
			);
			path = AVEntityTests;
			sourceTree = "<group>";
		};
		680665BE26C73A530055E60F /* AVEntityUITests */ = {
			isa = PBXGroup;
			children = (
				680665BF26C73A530055E60F /* AVEntityUITests.swift */,
				680665C126C73A530055E60F /* Info.plist */,
			);
			path = AVEntityUITests;
			sourceTree = "<group>";
		};
/* End PBXGroup section */

/* Begin PBXNativeTarget section */
		6806659926C73A510055E60F /* AVEntity */ = {
			isa = PBXNativeTarget;
			buildConfigurationList = 680665C426C73A530055E60F /* Build configuration list for PBXNativeTarget "AVEntity" */;
			buildPhases = (
				6806659626C73A510055E60F /* Sources */,
				6806659726C73A510055E60F /* Frameworks */,
				6806659826C73A510055E60F /* Resources */,
			);
			buildRules = (
			);
			dependencies = (
			);
			name = AVEntity;
			productName = AVEntity;
			productReference = 6806659A26C73A510055E60F /* AVEntity.app */;
			productType = "com.apple.product-type.application";
		};
		680665AF26C73A530055E60F /* AVEntityTests */ = {
			isa = PBXNativeTarget;
			buildConfigurationList = 680665C726C73A530055E60F /* Build configuration list for PBXNativeTarget "AVEntityTests" */;
			buildPhases = (
				680665AC26C73A530055E60F /* Sources */,
				680665AD26C73A530055E60F /* Frameworks */,
				680665AE26C73A530055E60F /* Resources */,
			);
			buildRules = (
			);
			dependencies = (
				680665B226C73A530055E60F /* PBXTargetDependency */,
			);
			name = AVEntityTests;
			productName = AVEntityTests;
			productReference = 680665B026C73A530055E60F /* AVEntityTests.xctest */;
			productType = "com.apple.product-type.bundle.unit-test";
		};
		680665BA26C73A530055E60F /* AVEntityUITests */ = {
			isa = PBXNativeTarget;
			buildConfigurationList = 680665CA26C73A530055E60F /* Build configuration list for PBXNativeTarget "AVEntityUITests" */;
			buildPhases = (
				680665B726C73A530055E60F /* Sources */,
				680665B826C73A530055E60F /* Frameworks */,
				680665B926C73A530055E60F /* Resources */,
			);
			buildRules = (
			);
			dependencies = (
				680665BD26C73A530055E60F /* PBXTargetDependency */,
			);
			name = AVEntityUITests;
			productName = AVEntityUITests;
			productReference = 680665BB26C73A530055E60F /* AVEntityUITests.xctest */;
			productType = "com.apple.product-type.bundle.ui-testing";
		};
/* End PBXNativeTarget section */

/* Begin PBXProject section */
		6806659226C73A510055E60F /* Project object */ = {
			isa = PBXProject;
			attributes = {
				LastSwiftUpdateCheck = 1240;
				LastUpgradeCheck = 1240;
				TargetAttributes = {
					6806659926C73A510055E60F = {
						CreatedOnToolsVersion = 12.4;
					};
					680665AF26C73A530055E60F = {
						CreatedOnToolsVersion = 12.4;
						TestTargetID = 6806659926C73A510055E60F;
					};
					680665BA26C73A530055E60F = {
						CreatedOnToolsVersion = 12.4;
						TestTargetID = 6806659926C73A510055E60F;
					};
				};
			};
			buildConfigurationList = 6806659526C73A510055E60F /* Build configuration list for PBXProject "AVEntity" */;
			compatibilityVersion = "Xcode 9.3";
			developmentRegion = en;
			hasScannedForEncodings = 0;
			knownRegions = (
				en,
				Base,
			);
			mainGroup = 6806659126C73A510055E60F;
			productRefGroup = 6806659B26C73A510055E60F /* Products */;
			projectDirPath = "";
			projectRoot = "";
			targets = (
				6806659926C73A510055E60F /* AVEntity */,
				680665AF26C73A530055E60F /* AVEntityTests */,
				680665BA26C73A530055E60F /* AVEntityUITests */,
			);
		};
/* End PBXProject section */

/* Begin PBXResourcesBuildPhase section */
		6806659826C73A510055E60F /* Resources */ = {
			isa = PBXResourcesBuildPhase;
			buildActionMask = 2147483647;
			files = (
				680665A726C73A530055E60F /* Assets.xcassets in Resources */,
			);
			runOnlyForDeploymentPostprocessing = 0;
		};
		680665AE26C73A530055E60F /* Resources */ = {
			isa = PBXResourcesBuildPhase;
			buildActionMask = 2147483647;
			files = (
			);
			runOnlyForDeploymentPostprocessing = 0;
		};
		680665B926C73A530055E60F /* Resources */ = {
			isa = PBXResourcesBuildPhase;
			buildActionMask = 2147483647;
			files = (
			);
			runOnlyForDeploymentPostprocessing = 0;
		};
/* End PBXResourcesBuildPhase section */

/* Begin PBXSourcesBuildPhase section */
		6806659626C73A510055E60F /* Sources */ = {
			isa = PBXSourcesBuildPhase;
			buildActionMask = 2147483647;
			files = (
				68DAA02128010290000DCA6F /* interactiveblob.rcproject in Sources */,
				680665A026C73A510055E60F /* ViewController.swift in Sources */,
				6806659E26C73A510055E60F /* AppDelegate.swift in Sources */,
			);
			runOnlyForDeploymentPostprocessing = 0;
		};
		680665AC26C73A530055E60F /* Sources */ = {
			isa = PBXSourcesBuildPhase;
			buildActionMask = 2147483647;
			files = (
				680665B526C73A530055E60F /* AVEntityTests.swift in Sources */,
			);
			runOnlyForDeploymentPostprocessing = 0;
		};
		680665B726C73A530055E60F /* Sources */ = {
			isa = PBXSourcesBuildPhase;
			buildActionMask = 2147483647;
			files = (
				680665C026C73A530055E60F /* AVEntityUITests.swift in Sources */,
			);
			runOnlyForDeploymentPostprocessing = 0;
		};
/* End PBXSourcesBuildPhase section */

/* Begin PBXTargetDependency section */
		680665B226C73A530055E60F /* PBXTargetDependency */ = {
			isa = PBXTargetDependency;
			target = 6806659926C73A510055E60F /* AVEntity */;
			targetProxy = 680665B126C73A530055E60F /* PBXContainerItemProxy */;
		};
		680665BD26C73A530055E60F /* PBXTargetDependency */ = {
			isa = PBXTargetDependency;
			target = 6806659926C73A510055E60F /* AVEntity */;
			targetProxy = 680665BC26C73A530055E60F /* PBXContainerItemProxy */;
		};
/* End PBXTargetDependency section */

/* Begin XCBuildConfiguration section */
		680665C226C73A530055E60F /* Debug */ = {
			isa = XCBuildConfiguration;
			buildSettings = {
				ALWAYS_SEARCH_USER_PATHS = NO;
				CLANG_ANALYZER_NONNULL = YES;
				CLANG_ANALYZER_NUMBER_OBJECT_CONVERSION = YES_AGGRESSIVE;
				CLANG_CXX_LANGUAGE_STANDARD = "gnu++14";
				CLANG_CXX_LIBRARY = "libc++";
				CLANG_ENABLE_MODULES = YES;
				CLANG_ENABLE_OBJC_ARC = YES;
				CLANG_ENABLE_OBJC_WEAK = YES;
				CLANG_WARN_BLOCK_CAPTURE_AUTORELEASING = YES;
				CLANG_WARN_BOOL_CONVERSION = YES;
				CLANG_WARN_COMMA = YES;
				CLANG_WARN_CONSTANT_CONVERSION = YES;
				CLANG_WARN_DEPRECATED_OBJC_IMPLEMENTATIONS = YES;
				CLANG_WARN_DIRECT_OBJC_ISA_USAGE = YES_ERROR;
				CLANG_WARN_DOCUMENTATION_COMMENTS = YES;
				CLANG_WARN_EMPTY_BODY = YES;
				CLANG_WARN_ENUM_CONVERSION = YES;
				CLANG_WARN_INFINITE_RECURSION = YES;
				CLANG_WARN_INT_CONVERSION = YES;
				CLANG_WARN_NON_LITERAL_NULL_CONVERSION = YES;
				CLANG_WARN_OBJC_IMPLICIT_RETAIN_SELF = YES;
				CLANG_WARN_OBJC_LITERAL_CONVERSION = YES;
				CLANG_WARN_OBJC_ROOT_CLASS = YES_ERROR;
				CLANG_WARN_QUOTED_INCLUDE_IN_FRAMEWORK_HEADER = YES;
				CLANG_WARN_RANGE_LOOP_ANALYSIS = YES;
				CLANG_WARN_STRICT_PROTOTYPES = YES;
				CLANG_WARN_SUSPICIOUS_MOVE = YES;
				CLANG_WARN_UNGUARDED_AVAILABILITY = YES_AGGRESSIVE;
				CLANG_WARN_UNREACHABLE_CODE = YES;
				CLANG_WARN__DUPLICATE_METHOD_MATCH = YES;
				COPY_PHASE_STRIP = NO;
				DEBUG_INFORMATION_FORMAT = dwarf;
				ENABLE_STRICT_OBJC_MSGSEND = YES;
				ENABLE_TESTABILITY = YES;
				GCC_C_LANGUAGE_STANDARD = gnu11;
				GCC_DYNAMIC_NO_PIC = NO;
				GCC_NO_COMMON_BLOCKS = YES;
				GCC_OPTIMIZATION_LEVEL = 0;
				GCC_PREPROCESSOR_DEFINITIONS = (
					"DEBUG=1",
					"$(inherited)",
				);
				GCC_WARN_64_TO_32_BIT_CONVERSION = YES;
				GCC_WARN_ABOUT_RETURN_TYPE = YES_ERROR;
				GCC_WARN_UNDECLARED_SELECTOR = YES;
				GCC_WARN_UNINITIALIZED_AUTOS = YES_AGGRESSIVE;
				GCC_WARN_UNUSED_FUNCTION = YES;
				GCC_WARN_UNUSED_VARIABLE = YES;
				IPHONEOS_DEPLOYMENT_TARGET = 14.4;
				MTL_ENABLE_DEBUG_INFO = INCLUDE_SOURCE;
				MTL_FAST_MATH = YES;
				ONLY_ACTIVE_ARCH = YES;
				SDKROOT = iphoneos;
				SWIFT_ACTIVE_COMPILATION_CONDITIONS = DEBUG;
				SWIFT_OPTIMIZATION_LEVEL = "-Onone";
			};
			name = Debug;
		};
		680665C326C73A530055E60F /* Release */ = {
			isa = XCBuildConfiguration;
			buildSettings = {
				ALWAYS_SEARCH_USER_PATHS = NO;
				CLANG_ANALYZER_NONNULL = YES;
				CLANG_ANALYZER_NUMBER_OBJECT_CONVERSION = YES_AGGRESSIVE;
				CLANG_CXX_LANGUAGE_STANDARD = "gnu++14";
				CLANG_CXX_LIBRARY = "libc++";
				CLANG_ENABLE_MODULES = YES;
				CLANG_ENABLE_OBJC_ARC = YES;
				CLANG_ENABLE_OBJC_WEAK = YES;
				CLANG_WARN_BLOCK_CAPTURE_AUTORELEASING = YES;
				CLANG_WARN_BOOL_CONVERSION = YES;
				CLANG_WARN_COMMA = YES;
				CLANG_WARN_CONSTANT_CONVERSION = YES;
				CLANG_WARN_DEPRECATED_OBJC_IMPLEMENTATIONS = YES;
				CLANG_WARN_DIRECT_OBJC_ISA_USAGE = YES_ERROR;
				CLANG_WARN_DOCUMENTATION_COMMENTS = YES;
				CLANG_WARN_EMPTY_BODY = YES;
				CLANG_WARN_ENUM_CONVERSION = YES;
				CLANG_WARN_INFINITE_RECURSION = YES;
				CLANG_WARN_INT_CONVERSION = YES;
				CLANG_WARN_NON_LITERAL_NULL_CONVERSION = YES;
				CLANG_WARN_OBJC_IMPLICIT_RETAIN_SELF = YES;
				CLANG_WARN_OBJC_LITERAL_CONVERSION = YES;
				CLANG_WARN_OBJC_ROOT_CLASS = YES_ERROR;
				CLANG_WARN_QUOTED_INCLUDE_IN_FRAMEWORK_HEADER = YES;
				CLANG_WARN_RANGE_LOOP_ANALYSIS = YES;
				CLANG_WARN_STRICT_PROTOTYPES = YES;
				CLANG_WARN_SUSPICIOUS_MOVE = YES;
				CLANG_WARN_UNGUARDED_AVAILABILITY = YES_AGGRESSIVE;
				CLANG_WARN_UNREACHABLE_CODE = YES;
				CLANG_WARN__DUPLICATE_METHOD_MATCH = YES;
				COPY_PHASE_STRIP = NO;
				DEBUG_INFORMATION_FORMAT = "dwarf-with-dsym";
				ENABLE_NS_ASSERTIONS = NO;
				ENABLE_STRICT_OBJC_MSGSEND = YES;
				GCC_C_LANGUAGE_STANDARD = gnu11;
				GCC_NO_COMMON_BLOCKS = YES;
				GCC_WARN_64_TO_32_BIT_CONVERSION = YES;
				GCC_WARN_ABOUT_RETURN_TYPE = YES_ERROR;
				GCC_WARN_UNDECLARED_SELECTOR = YES;
				GCC_WARN_UNINITIALIZED_AUTOS = YES_AGGRESSIVE;
				GCC_WARN_UNUSED_FUNCTION = YES;
				GCC_WARN_UNUSED_VARIABLE = YES;
				IPHONEOS_DEPLOYMENT_TARGET = 14.4;
				MTL_ENABLE_DEBUG_INFO = NO;
				MTL_FAST_MATH = YES;
				SDKROOT = iphoneos;
				SWIFT_COMPILATION_MODE = wholemodule;
				SWIFT_OPTIMIZATION_LEVEL = "-O";
				VALIDATE_PRODUCT = YES;
			};
			name = Release;
		};
		680665C526C73A530055E60F /* Debug */ = {
			isa = XCBuildConfiguration;
			buildSettings = {
				ASSETCATALOG_COMPILER_APPICON_NAME = AppIcon;
				ASSETCATALOG_COMPILER_GLOBAL_ACCENT_COLOR_NAME = AccentColor;
				CODE_SIGN_STYLE = Automatic;
				INFOPLIST_FILE = AVEntity/Info.plist;
				LD_RUNPATH_SEARCH_PATHS = (
					"$(inherited)",
					"@executable_path/Frameworks",
				);
				PRODUCT_BUNDLE_IDENTIFIER = "Baaqi-Studio.AVEntity";
				PRODUCT_NAME = "$(TARGET_NAME)";
				SWIFT_VERSION = 5.0;
				TARGETED_DEVICE_FAMILY = "1,2";
			};
			name = Debug;
		};
		680665C626C73A530055E60F /* Release */ = {
			isa = XCBuildConfiguration;
			buildSettings = {
				ASSETCATALOG_COMPILER_APPICON_NAME = AppIcon;
				ASSETCATALOG_COMPILER_GLOBAL_ACCENT_COLOR_NAME = AccentColor;
				CODE_SIGN_STYLE = Automatic;
				INFOPLIST_FILE = AVEntity/Info.plist;
				LD_RUNPATH_SEARCH_PATHS = (
					"$(inherited)",
					"@executable_path/Frameworks",
				);
				PRODUCT_BUNDLE_IDENTIFIER = "Baaqi-Studio.AVEntity";
				PRODUCT_NAME = "$(TARGET_NAME)";
				SWIFT_VERSION = 5.0;
				TARGETED_DEVICE_FAMILY = "1,2";
			};
			name = Release;
		};
		680665C826C73A530055E60F /* Debug */ = {
			isa = XCBuildConfiguration;
			buildSettings = {
				ALWAYS_EMBED_SWIFT_STANDARD_LIBRARIES = YES;
				BUNDLE_LOADER = "$(TEST_HOST)";
				CODE_SIGN_STYLE = Automatic;
				INFOPLIST_FILE = AVEntityTests/Info.plist;
				IPHONEOS_DEPLOYMENT_TARGET = 14.4;
				LD_RUNPATH_SEARCH_PATHS = (
					"$(inherited)",
					"@executable_path/Frameworks",
					"@loader_path/Frameworks",
				);
				PRODUCT_BUNDLE_IDENTIFIER = "Baaqi-Studio.AVEntityTests";
				PRODUCT_NAME = "$(TARGET_NAME)";
				SWIFT_VERSION = 5.0;
				TARGETED_DEVICE_FAMILY = "1,2";
				TEST_HOST = "$(BUILT_PRODUCTS_DIR)/AVEntity.app/AVEntity";
			};
			name = Debug;
		};
		680665C926C73A530055E60F /* Release */ = {
			isa = XCBuildConfiguration;
			buildSettings = {
				ALWAYS_EMBED_SWIFT_STANDARD_LIBRARIES = YES;
				BUNDLE_LOADER = "$(TEST_HOST)";
				CODE_SIGN_STYLE = Automatic;
				INFOPLIST_FILE = AVEntityTests/Info.plist;
				IPHONEOS_DEPLOYMENT_TARGET = 14.4;
				LD_RUNPATH_SEARCH_PATHS = (
					"$(inherited)",
					"@executable_path/Frameworks",
					"@loader_path/Frameworks",
				);
				PRODUCT_BUNDLE_IDENTIFIER = "Baaqi-Studio.AVEntityTests";
				PRODUCT_NAME = "$(TARGET_NAME)";
				SWIFT_VERSION = 5.0;
				TARGETED_DEVICE_FAMILY = "1,2";
				TEST_HOST = "$(BUILT_PRODUCTS_DIR)/AVEntity.app/AVEntity";
			};
			name = Release;
		};
		680665CB26C73A530055E60F /* Debug */ = {
			isa = XCBuildConfiguration;
			buildSettings = {
				ALWAYS_EMBED_SWIFT_STANDARD_LIBRARIES = YES;
				CODE_SIGN_STYLE = Automatic;
				INFOPLIST_FILE = AVEntityUITests/Info.plist;
				LD_RUNPATH_SEARCH_PATHS = (
					"$(inherited)",
					"@executable_path/Frameworks",
					"@loader_path/Frameworks",
				);
				PRODUCT_BUNDLE_IDENTIFIER = "Baaqi-Studio.AVEntityUITests";
				PRODUCT_NAME = "$(TARGET_NAME)";
				SWIFT_VERSION = 5.0;
				TARGETED_DEVICE_FAMILY = "1,2";
				TEST_TARGET_NAME = AVEntity;
			};
			name = Debug;
		};
		680665CC26C73A530055E60F /* Release */ = {
			isa = XCBuildConfiguration;
			buildSettings = {
				ALWAYS_EMBED_SWIFT_STANDARD_LIBRARIES = YES;
				CODE_SIGN_STYLE = Automatic;
				INFOPLIST_FILE = AVEntityUITests/Info.plist;
				LD_RUNPATH_SEARCH_PATHS = (
					"$(inherited)",
					"@executable_path/Frameworks",
					"@loader_path/Frameworks",
				);
				PRODUCT_BUNDLE_IDENTIFIER = "Baaqi-Studio.AVEntityUITests";
				PRODUCT_NAME = "$(TARGET_NAME)";
				SWIFT_VERSION = 5.0;
				TARGETED_DEVICE_FAMILY = "1,2";
				TEST_TARGET_NAME = AVEntity;
			};
			name = Release;
		};
/* End XCBuildConfiguration section */

/* Begin XCConfigurationList section */
		6806659526C73A510055E60F /* Build configuration list for PBXProject "AVEntity" */ = {
			isa = XCConfigurationList;
			buildConfigurations = (
				680665C226C73A530055E60F /* Debug */,
				680665C326C73A530055E60F /* Release */,
			);
			defaultConfigurationIsVisible = 0;
			defaultConfigurationName = Release;
		};
		680665C426C73A530055E60F /* Build configuration list for PBXNativeTarget "AVEntity" */ = {
			isa = XCConfigurationList;
			buildConfigurations = (
				680665C526C73A530055E60F /* Debug */,
				680665C626C73A530055E60F /* Release */,
			);
			defaultConfigurationIsVisible = 0;
			defaultConfigurationName = Release;
		};
		680665C726C73A530055E60F /* Build configuration list for PBXNativeTarget "AVEntityTests" */ = {
			isa = XCConfigurationList;
			buildConfigurations = (
				680665C826C73A530055E60F /* Debug */,
				680665C926C73A530055E60F /* Release */,
			);
			defaultConfigurationIsVisible = 0;
			defaultConfigurationName = Release;
		};
		680665CA26C73A530055E60F /* Build configuration list for PBXNativeTarget "AVEntityUITests" */ = {
			isa = XCConfigurationList;
			buildConfigurations = (
				680665CB26C73A530055E60F /* Debug */,
				680665CC26C73A530055E60F /* Release */,
			);
			defaultConfigurationIsVisible = 0;
			defaultConfigurationName = Release;
		};
/* End XCConfigurationList section */
	};
	rootObject = 6806659226C73A510055E60F /* Project object */;
}
